
Microsoft Visual Studio Solution File, Format Version 12.00
# Visual Studio Version 16
VisualStudioVersion = 16.0.30225.117
MinimumVisualStudioVersion = 10.0.40219.1
Project("{888888A0-9F3D-457C-B088-3A5042F75D52}") = "RM_Vision", "RM_Vision\RM_Vision.pyproj", "{483C0F1B-F1E2-4FF6-85B4-13FB3A098905}"
EndProject
Global
	GlobalSection(SolutionConfigurationPlatforms) = preSolution
		Debug|Any CPU = Debug|Any CPU
		Release|Any CPU = Release|Any CPU
	EndGlobalSection
	GlobalSection(ProjectConfigurationPlatforms) = postSolution
		{483C0F1B-F1E2-4FF6-85B4-13FB3A098905}.Debug|Any CPU.ActiveCfg = Debug|Any CPU
		{483C0F1B-F1E2-4FF6-85B4-13FB3A098905}.Release|Any CPU.ActiveCfg = Release|Any CPU
	EndGlobalSection
	GlobalSection(SolutionProperties) = preSolution
		HideSolutionNode = FALSE
	EndGlobalSection
	GlobalSection(ExtensibilityGlobals) = postSolution
		SolutionGuid = {DAC829C9-30EE-4B2F-934F-C02C1D52FB53}
	EndGlobalSection
EndGlobal
